Microsoft Visual Studio Solution File, Format Version 12.00
# Visual Studio Version 17
VisualStudioVersion = 17.5.2.0
MinimumVisualStudioVersion = 10.0.40219.1
Project("{FAE04EC0-301F-11D3-BF4B-00C04F79EFBC}") = "CodeWalker.API", "CodeWalker.API.csproj", "{158CA20B-F031-1235-E9A6-E20F9744F0CE}"
EndProject
Global
	GlobalSection(SolutionConfigurationPlatforms) = preSolution
		Debug|Any CPU = Debug|Any CPU
		Release|Any CPU = Release|Any CPU
	EndGlobalSection
	GlobalSection(ProjectConfigurationPlatforms) = postSolution
		{158CA20B-F031-1235-E9A6-E20F9744F0CE}.Debug|Any CPU.ActiveCfg = Debug|Any CPU
		{158CA20B-F031-1235-E9A6-E20F9744F0CE}.Debug|Any CPU.Build.0 = Debug|Any CPU
		{158CA20B-F031-1235-E9A6-E20F9744F0CE}.Release|Any CPU.ActiveCfg = Release|Any CPU
		{158CA20B-F031-1235-E9A6-E20F9744F0CE}.Release|Any CPU.Build.0 = Release|Any CPU
	EndGlobalSection
	GlobalSection(SolutionProperties) = preSolution
		HideSolutionNode = FALSE
	EndGlobalSection
	GlobalSection(ExtensibilityGlobals) = postSolution
		SolutionGuid = {7290B451-0675-411A-AEB7-4D5BF7B5D9B4}
	EndGlobalSection
EndGlobal
